
Microsoft Visual Studio Solution File, Format Version 12.00
# Visual Studio Version 17
VisualStudioVersion = 17.13.35825.156 d17.13
MinimumVisualStudioVersion = 10.0.40219.1
Project("{FAE04EC0-301F-11D3-BF4B-00C04F79EFBC}") = "KAShop", "KAShop\KAShop.csproj", "{B9D56FEE-B31C-4914-91EC-198D1A4BA993}"
EndProject
Global
	GlobalSection(SolutionConfigurationPlatforms) = preSolution
		Debug|Any CPU = Debug|Any CPU
		Release|Any CPU = Release|Any CPU
	EndGlobalSection
	GlobalSection(ProjectConfigurationPlatforms) = postSolution
		{B9D56FEE-B31C-4914-91EC-198D1A4BA993}.Debug|Any CPU.ActiveCfg = Debug|Any CPU
		{B9D56FEE-B31C-4914-91EC-198D1A4BA993}.Debug|Any CPU.Build.0 = Debug|Any CPU
		{B9D56FEE-B31C-4914-91EC-198D1A4BA993}.Release|Any CPU.ActiveCfg = Release|Any CPU
		{B9D56FEE-B31C-4914-91EC-198D1A4BA993}.Release|Any CPU.Build.0 = Release|Any CPU
	EndGlobalSection
	GlobalSection(SolutionProperties) = preSolution
		HideSolutionNode = FALSE
	EndGlobalSection
	GlobalSection(ExtensibilityGlobals) = postSolution
		SolutionGuid = {E6D06E51-4117-4C2C-BAB0-7D012B48BCCE}
	EndGlobalSection
EndGlobal
